
Microsoft Visual Studio Solution File, Format Version 12.00
# Visual Studio Version 17
VisualStudioVersion = 17.11.35312.102
MinimumVisualStudioVersion = 10.0.40219.1
Project("{FAE04EC0-301F-11D3-BF4B-00C04F79EFBC}") = "Agenda2868022", "Agenda2868022\Agenda2868022.csproj", "{8152A4C5-BBE7-4CC0-9037-EF08C5F96C9C}"
EndProject
Global
	GlobalSection(SolutionConfigurationPlatforms) = preSolution
		Debug|Any CPU = Debug|Any CPU
		Release|Any CPU = Release|Any CPU
	EndGlobalSection
	GlobalSection(ProjectConfigurationPlatforms) = postSolution
		{8152A4C5-BBE7-4CC0-9037-EF08C5F96C9C}.Debug|Any CPU.ActiveCfg = Debug|Any CPU
		{8152A4C5-BBE7-4CC0-9037-EF08C5F96C9C}.Debug|Any CPU.Build.0 = Debug|Any CPU
		{8152A4C5-BBE7-4CC0-9037-EF08C5F96C9C}.Release|Any CPU.ActiveCfg = Release|Any CPU
		{8152A4C5-BBE7-4CC0-9037-EF08C5F96C9C}.Release|Any CPU.Build.0 = Release|Any CPU
	EndGlobalSection
	GlobalSection(SolutionProperties) = preSolution
		HideSolutionNode = FALSE
	EndGlobalSection
	GlobalSection(ExtensibilityGlobals) = postSolution
		SolutionGuid = {6F5AA472-9D9A-4509-97EB-87B32B6C4786}
	EndGlobalSection
EndGlobal
